// !$*UTF8*$!
{
	archiveVersion = 1;
	classes = {
	};
	objectVersion = 46;
	objects = {

/* Begin PBXBuildFile section */
		01D1FF811CF20D9F00D88D1B /* AppDelegate.swift in Sources */ = {isa = PBXBuildFile; fileRef = 01D1FF801CF20D9F00D88D1B /* AppDelegate.swift */; };
		01D1FF831CF20D9F00D88D1B /* ViewController.swift in Sources */ = {isa = PBXBuildFile; fileRef = 01D1FF821CF20D9F00D88D1B /* ViewController.swift */; };
		01D1FF861CF20D9F00D88D1B /* Main.storyboard in Resources */ = {isa = PBXBuildFile; fileRef = 01D1FF841CF20D9F00D88D1B /* Main.storyboard */; };
		01D1FF891CF20D9F00D88D1B /* DemoCollectionView.xcdatamodeld in Sources */ = {isa = PBXBuildFile; fileRef = 01D1FF871CF20D9F00D88D1B /* DemoCollectionView.xcdatamodeld */; };
		01D1FF8B1CF20D9F00D88D1B /* Assets.xcassets in Resources */ = {isa = PBXBuildFile; fileRef = 01D1FF8A1CF20D9F00D88D1B /* Assets.xcassets */; };
		01D1FF8E1CF20D9F00D88D1B /* LaunchScreen.storyboard in Resources */ = {isa = PBXBuildFile; fileRef = 01D1FF8C1CF20D9F00D88D1B /* LaunchScreen.storyboard */; };
		01D1FF991CF20F8000D88D1B /* CollectionViewController.swift in Sources */ = {isa = PBXBuildFile; fileRef = 01D1FF971CF20F8000D88D1B /* CollectionViewController.swift */; };
		01D1FF9A1CF20F8000D88D1B /* CollectionViewController.xib in Resources */ = {isa = PBXBuildFile; fileRef = 01D1FF981CF20F8000D88D1B /* CollectionViewController.xib */; };
/* End PBXBuildFile section */

/* Begin PBXFileReference section */
		01D1FF7D1CF20D9F00D88D1B /* DemoCollectionView.app */ = {isa = PBXFileReference; explicitFileType = wrapper.application; includeInIndex = 0; path = DemoCollectionView.app; sourceTree = BUILT_PRODUCTS_DIR; };
		01D1FF801CF20D9F00D88D1B /* AppDelegate.swift */ = {isa = PBXFileReference; lastKnownFileType = sourcecode.swift; path = AppDelegate.swift; sourceTree = "<group>"; };
		01D1FF821CF20D9F00D88D1B /* ViewController.swift */ = {isa = PBXFileReference; lastKnownFileType = sourcecode.swift; path = ViewController.swift; sourceTree = "<group>"; };
		01D1FF851CF20D9F00D88D1B /* Base */ = {isa = PBXFileReference; lastKnownFileType = file.storyboard; name = Base; path = Base.lproj/Main.storyboard; sourceTree = "<group>"; };
		01D1FF881CF20D9F00D88D1B /* DemoCollectionView.xcdatamodel */ = {isa = PBXFileReference; lastKnownFileType = wrapper.xcdatamodel; path = DemoCollectionView.xcdatamodel; sourceTree = "<group>"; };
		01D1FF8A1CF20D9F00D88D1B /* Assets.xcassets */ = {isa = PBXFileReference; lastKnownFileType = folder.assetcatalog; path = Assets.xcassets; sourceTree = "<group>"; };
		01D1FF8D1CF20D9F00D88D1B /* Base */ = {isa = PBXFileReference; lastKnownFileType = file.storyboard; name = Base; path = Base.lproj/LaunchScreen.storyboard; sourceTree = "<group>"; };
		01D1FF8F1CF20D9F00D88D1B /* Info.plist */ = {isa = PBXFileReference; lastKnownFileType = text.plist.xml; path = Info.plist; sourceTree = "<group>"; };
		01D1FF971CF20F8000D88D1B /* CollectionViewController.swift */ = {isa = PBXFileReference; fileEncoding = 4; lastKnownFileType = sourcecode.swift; path = CollectionViewController.swift; sourceTree = "<group>"; };
		01D1FF981CF20F8000D88D1B /* CollectionViewController.xib */ = {isa = PBXFileReference; fileEncoding = 4; lastKnownFileType = file.xib; path = CollectionViewController.xib; sourceTree = "<group>"; };
/* End PBXFileReference section */

/* Begin PBXFrameworksBuildPhase section */
		01D1FF7A1CF20D9F00D88D1B /* Frameworks */ = {
			isa = PBXFrameworksBuildPhase;
			buildActionMask = 2147483647;
			files = (
			);
			runOnlyForDeploymentPostprocessing = 0;
		};
/* End PBXFrameworksBuildPhase section */

/* Begin PBXGroup section */
		01D1FF741CF20D9F00D88D1B = {
			isa = PBXGroup;
			children = (
				01D1FF7F1CF20D9F00D88D1B /* DemoCollectionView */,
				01D1FF7E1CF20D9F00D88D1B /* Products */,
			);
			sourceTree = "<group>";
		};
		01D1FF7E1CF20D9F00D88D1B /* Products */ = {
			isa = PBXGroup;
			children = (
				01D1FF7D1CF20D9F00D88D1B /* DemoCollectionView.app */,
			);
			name = Products;
			sourceTree = "<group>";
		};
		01D1FF7F1CF20D9F00D88D1B /* DemoCollectionView */ = {
			isa = PBXGroup;
			children = (
				01D1FF801CF20D9F00D88D1B /* AppDelegate.swift */,
				01D1FF821CF20D9F00D88D1B /* ViewController.swift */,
				01D1FF841CF20D9F00D88D1B /* Main.storyboard */,
				01D1FF8A1CF20D9F00D88D1B /* Assets.xcassets */,
				01D1FF8C1CF20D9F00D88D1B /* LaunchScreen.storyboard */,
				01D1FF8F1CF20D9F00D88D1B /* Info.plist */,
				01D1FF871CF20D9F00D88D1B /* DemoCollectionView.xcdatamodeld */,
				01D1FF971CF20F8000D88D1B /* CollectionViewController.swift */,
				01D1FF981CF20F8000D88D1B /* CollectionViewController.xib */,
			);
			path = DemoCollectionView;
			sourceTree = "<group>";
		};
/* End PBXGroup section */

/* Begin PBXNativeTarget section */
		01D1FF7C1CF20D9F00D88D1B /* DemoCollectionView */ = {
			isa = PBXNativeTarget;
			buildConfigurationList = 01D1FF921CF20D9F00D88D1B /* Build configuration list for PBXNativeTarget "DemoCollectionView" */;
			buildPhases = (
				01D1FF791CF20D9F00D88D1B /* Sources */,
				01D1FF7A1CF20D9F00D88D1B /* Frameworks */,
				01D1FF7B1CF20D9F00D88D1B /* Resources */,
			);
			buildRules = (
			);
			dependencies = (
			);
			name = DemoCollectionView;
			productName = DemoCollectionView;
			productReference = 01D1FF7D1CF20D9F00D88D1B /* DemoCollectionView.app */;
			productType = "com.apple.product-type.application";
		};
/* End PBXNativeTarget section */

/* Begin PBXProject section */
		01D1FF751CF20D9F00D88D1B /* Project object */ = {
			isa = PBXProject;
			attributes = {
				LastSwiftUpdateCheck = 0730;
				LastUpgradeCheck = 0730;
				ORGANIZATIONNAME = Moboco;
				TargetAttributes = {
					01D1FF7C1CF20D9F00D88D1B = {
						CreatedOnToolsVersion = 7.3;
					};
				};
			};
			buildConfigurationList = 01D1FF781CF20D9F00D88D1B /* Build configuration list for PBXProject "DemoCollectionView" */;
			compatibilityVersion = "Xcode 3.2";
			developmentRegion = English;
			hasScannedForEncodings = 0;
			knownRegions = (
				en,
				Base,
			);
			mainGroup = 01D1FF741CF20D9F00D88D1B;
			productRefGroup = 01D1FF7E1CF20D9F00D88D1B /* Products */;
			projectDirPath = "";
			projectRoot = "";
			targets = (
				01D1FF7C1CF20D9F00D88D1B /* DemoCollectionView */,
			);
		};
/* End PBXProject section */

/* Begin PBXResourcesBuildPhase section */
		01D1FF7B1CF20D9F00D88D1B /* Resources */ = {
			isa = PBXResourcesBuildPhase;
			buildActionMask = 2147483647;
			files = (
				01D1FF9A1CF20F8000D88D1B /* CollectionViewController.xib in Resources */,
				01D1FF8E1CF20D9F00D88D1B /* LaunchScreen.storyboard in Resources */,
				01D1FF8B1CF20D9F00D88D1B /* Assets.xcassets in Resources */,
				01D1FF861CF20D9F00D88D1B /* Main.storyboard in Resources */,
			);
			runOnlyForDeploymentPostprocessing = 0;
		};
/* End PBXResourcesBuildPhase section */

/* Begin PBXSourcesBuildPhase section */
		01D1FF791CF20D9F00D88D1B /* Sources */ = {
			isa = PBXSourcesBuildPhase;
			buildActionMask = 2147483647;
			files = (
				01D1FF991CF20F8000D88D1B /* CollectionViewController.swift in Sources */,
				01D1FF831CF20D9F00D88D1B /* ViewController.swift in Sources */,
				01D1FF891CF20D9F00D88D1B /* DemoCollectionView.xcdatamodeld in Sources */,
				01D1FF811CF20D9F00D88D1B /* AppDelegate.swift in Sources */,
			);
			runOnlyForDeploymentPostprocessing = 0;
		};
/* End PBXSourcesBuildPhase section */

/* Begin PBXVariantGroup section */
		01D1FF841CF20D9F00D88D1B /* Main.storyboard */ = {
			isa = PBXVariantGroup;
			children = (
				01D1FF851CF20D9F00D88D1B /* Base */,
			);
			name = Main.storyboard;
			sourceTree = "<group>";
		};
		01D1FF8C1CF20D9F00D88D1B /* LaunchScreen.storyboard */ = {
			isa = PBXVariantGroup;
			children = (
				01D1FF8D1CF20D9F00D88D1B /* Base */,
			);
			name = LaunchScreen.storyboard;
			sourceTree = "<group>";
		};
/* End PBXVariantGroup section */

/* Begin XCBuildConfiguration section */
		01D1FF901CF20D9F00D88D1B /* Debug */ = {
			isa = XCBuildConfiguration;
			buildSettings = {
				ALWAYS_SEARCH_USER_PATHS = NO;
				CLANG_ANALYZER_NONNULL = YES;
				CLANG_CXX_LANGUAGE_STANDARD = "gnu++0x";
				CLANG_CXX_LIBRARY = "libc++";
				CLANG_ENABLE_MODULES = YES;
				CLANG_ENABLE_OBJC_ARC = YES;
				CLANG_WARN_BOOL_CONVERSION = YES;
				CLANG_WARN_CONSTANT_CONVERSION = YES;
				CLANG_WARN_DIRECT_OBJC_ISA_USAGE = YES_ERROR;
				CLANG_WARN_EMPTY_BODY = YES;
				CLANG_WARN_ENUM_CONVERSION = YES;
				CLANG_WARN_INT_CONVERSION = YES;
				CLANG_WARN_OBJC_ROOT_CLASS = YES_ERROR;
				CLANG_WARN_UNREACHABLE_CODE = YES;
				CLANG_WARN__DUPLICATE_METHOD_MATCH = YES;
				"CODE_SIGN_IDENTITY[sdk=iphoneos*]" = "iPhone Developer";
				COPY_PHASE_STRIP = NO;
				DEBUG_INFORMATION_FORMAT = dwarf;
				ENABLE_STRICT_OBJC_MSGSEND = YES;
				ENABLE_TESTABILITY = YES;
				GCC_C_LANGUAGE_STANDARD = gnu99;
				GCC_DYNAMIC_NO_PIC = NO;
				GCC_NO_COMMON_BLOCKS = YES;
				GCC_OPTIMIZATION_LEVEL = 0;
				GCC_PREPROCESSOR_DEFINITIONS = (
					"DEBUG=1",
					"$(inherited)",
				);
				GCC_WARN_64_TO_32_BIT_CONVERSION = YES;
				GCC_WARN_ABOUT_RETURN_TYPE = YES_ERROR;
				GCC_WARN_UNDECLARED_SELECTOR = YES;
				GCC_WARN_UNINITIALIZED_AUTOS = YES_AGGRESSIVE;
				GCC_WARN_UNUSED_FUNCTION = YES;
				GCC_WARN_UNUSED_VARIABLE = YES;
				IPHONEOS_DEPLOYMENT_TARGET = 9.3;
				MTL_ENABLE_DEBUG_INFO = YES;
				ONLY_ACTIVE_ARCH = YES;
				SDKROOT = iphoneos;
				SWIFT_OPTIMIZATION_LEVEL = "-Onone";
				TARGETED_DEVICE_FAMILY = "1,2";
			};
			name = Debug;
		};
		01D1FF911CF20D9F00D88D1B /* Release */ = {
			isa = XCBuildConfiguration;
			buildSettings = {
				ALWAYS_SEARCH_USER_PATHS = NO;
				CLANG_ANALYZER_NONNULL = YES;
				CLANG_CXX_LANGUAGE_STANDARD = "gnu++0x";
				CLANG_CXX_LIBRARY = "libc++";
				CLANG_ENABLE_MODULES = YES;
				CLANG_ENABLE_OBJC_ARC = YES;
				CLANG_WARN_BOOL_CONVERSION = YES;
				CLANG_WARN_CONSTANT_CONVERSION = YES;
				CLANG_WARN_DIRECT_OBJC_ISA_USAGE = YES_ERROR;
				CLANG_WARN_EMPTY_BODY = YES;
				CLANG_WARN_ENUM_CONVERSION = YES;
				CLANG_WARN_INT_CONVERSION = YES;
				CLANG_WARN_OBJC_ROOT_CLASS = YES_ERROR;
				CLANG_WARN_UNREACHABLE_CODE = YES;
				CLANG_WARN__DUPLICATE_METHOD_MATCH = YES;
				"CODE_SIGN_IDENTITY[sdk=iphoneos*]" = "iPhone Developer";
				COPY_PHASE_STRIP = NO;
				DEBUG_INFORMATION_FORMAT = "dwarf-with-dsym";
				ENABLE_NS_ASSERTIONS = NO;
				ENABLE_STRICT_OBJC_MSGSEND = YES;
				GCC_C_LANGUAGE_STANDARD = gnu99;
				GCC_NO_COMMON_BLOCKS = YES;
				GCC_WARN_64_TO_32_BIT_CONVERSION = YES;
				GCC_WARN_ABOUT_RETURN_TYPE = YES_ERROR;
				GCC_WARN_UNDECLARED_SELECTOR = YES;
				GCC_WARN_UNINITIALIZED_AUTOS = YES_AGGRESSIVE;
				GCC_WARN_UNUSED_FUNCTION = YES;
				GCC_WARN_UNUSED_VARIABLE = YES;
				IPHONEOS_DEPLOYMENT_TARGET = 9.3;
				MTL_ENABLE_DEBUG_INFO = NO;
				SDKROOT = iphoneos;
				TARGETED_DEVICE_FAMILY = "1,2";
				VALIDATE_PRODUCT = YES;
			};
			name = Release;
		};
		01D1FF931CF20D9F00D88D1B /* Debug */ = {
			isa = XCBuildConfiguration;
			buildSettings = {
				ASSETCATALOG_COMPILER_APPICON_NAME = AppIcon;
				INFOPLIST_FILE = DemoCollectionView/Info.plist;
				LD_RUNPATH_SEARCH_PATHS = "$(inherited) @executable_path/Frameworks";
				PRODUCT_BUNDLE_IDENTIFIER = moboco.com.DemoCollectionView;
				PRODUCT_NAME = "$(TARGET_NAME)";
			};
			name = Debug;
		};
		01D1FF941CF20D9F00D88D1B /* Release */ = {
			isa = XCBuildConfiguration;
			buildSettings = {
				ASSETCATALOG_COMPILER_APPICON_NAME = AppIcon;
				INFOPLIST_FILE = DemoCollectionView/Info.plist;
				LD_RUNPATH_SEARCH_PATHS = "$(inherited) @executable_path/Frameworks";
				PRODUCT_BUNDLE_IDENTIFIER = moboco.com.DemoCollectionView;
				PRODUCT_NAME = "$(TARGET_NAME)";
			};
			name = Release;
		};
/* End XCBuildConfiguration section */

/* Begin XCConfigurationList section */
		01D1FF781CF20D9F00D88D1B /* Build configuration list for PBXProject "DemoCollectionView" */ = {
			isa = XCConfigurationList;
			buildConfigurations = (
				01D1FF901CF20D9F00D88D1B /* Debug */,
				01D1FF911CF20D9F00D88D1B /* Release */,
			);
			defaultConfigurationIsVisible = 0;
			defaultConfigurationName = Release;
		};
		01D1FF921CF20D9F00D88D1B /* Build configuration list for PBXNativeTarget "DemoCollectionView" */ = {
			isa = XCConfigurationList;
			buildConfigurations = (
				01D1FF931CF20D9F00D88D1B /* Debug */,
				01D1FF941CF20D9F00D88D1B /* Release */,
			);
			defaultConfigurationIsVisible = 0;
		};
/* End XCConfigurationList section */

/* Begin XCVersionGroup section */
		01D1FF871CF20D9F00D88D1B /* DemoCollectionView.xcdatamodeld */ = {
			isa = XCVersionGroup;
			children = (
				01D1FF881CF20D9F00D88D1B /* DemoCollectionView.xcdatamodel */,
			);
			currentVersion = 01D1FF881CF20D9F00D88D1B /* DemoCollectionView.xcdatamodel */;
			path = DemoCollectionView.xcdatamodeld;
			sourceTree = "<group>";
			versionGroupType = wrapper.xcdatamodel;
		};
/* End XCVersionGroup section */
	};
	rootObject = 01D1FF751CF20D9F00D88D1B /* Project object */;
}
