// !$*UTF8*$!
{
	archiveVersion = 1;
	classes = {
	};
	objectVersion = 46;
	objects = {

/* Begin PBXBuildFile section */
		010627021D0E9D8200E8B981 /* CustomAnnotionView.swift in Sources */ = {isa = PBXBuildFile; fileRef = 010627011D0E9D8200E8B981 /* CustomAnnotionView.swift */; };
		017F18451D0AA5D700213BF6 /* Main.storyboard in Resources */ = {isa = PBXBuildFile; fileRef = 017F18431D0AA5D700213BF6 /* Main.storyboard */; };
		017F18481D0AA5D700213BF6 /* DemoMap.xcdatamodeld in Sources */ = {isa = PBXBuildFile; fileRef = 017F18461D0AA5D700213BF6 /* DemoMap.xcdatamodeld */; };
		017F184A1D0AA5D700213BF6 /* Assets.xcassets in Resources */ = {isa = PBXBuildFile; fileRef = 017F18491D0AA5D700213BF6 /* Assets.xcassets */; };
		017F184D1D0AA5D700213BF6 /* LaunchScreen.storyboard in Resources */ = {isa = PBXBuildFile; fileRef = 017F184B1D0AA5D700213BF6 /* LaunchScreen.storyboard */; };
		017F18551D0AA5EE00213BF6 /* MapKit.framework in Frameworks */ = {isa = PBXBuildFile; fileRef = 017F18541D0AA5EE00213BF6 /* MapKit.framework */; };
		017FD96E1D0E5A10008D9A4A /* AppDelegate.swift in Sources */ = {isa = PBXBuildFile; fileRef = 017FD96A1D0E5A10008D9A4A /* AppDelegate.swift */; };
		017FD96F1D0E5A10008D9A4A /* ViewController.swift in Sources */ = {isa = PBXBuildFile; fileRef = 017FD96D1D0E5A10008D9A4A /* ViewController.swift */; };
		017FD9711D0E5DFF008D9A4A /* CustomAnotation.swift in Sources */ = {isa = PBXBuildFile; fileRef = 017FD9701D0E5DFF008D9A4A /* CustomAnotation.swift */; };
		017FD9741D0E69AC008D9A4A /* anotation.plist in Resources */ = {isa = PBXBuildFile; fileRef = 017FD9731D0E69AC008D9A4A /* anotation.plist */; };
/* End PBXBuildFile section */

/* Begin PBXFileReference section */
		010627011D0E9D8200E8B981 /* CustomAnnotionView.swift */ = {isa = PBXFileReference; fileEncoding = 4; lastKnownFileType = sourcecode.swift; path = CustomAnnotionView.swift; sourceTree = "<group>"; };
		017F183C1D0AA5D700213BF6 /* DemoMap.app */ = {isa = PBXFileReference; explicitFileType = wrapper.application; includeInIndex = 0; path = DemoMap.app; sourceTree = BUILT_PRODUCTS_DIR; };
		017F18441D0AA5D700213BF6 /* Base */ = {isa = PBXFileReference; lastKnownFileType = file.storyboard; name = Base; path = Base.lproj/Main.storyboard; sourceTree = "<group>"; };
		017F18471D0AA5D700213BF6 /* DemoMap.xcdatamodel */ = {isa = PBXFileReference; lastKnownFileType = wrapper.xcdatamodel; path = DemoMap.xcdatamodel; sourceTree = "<group>"; };
		017F18491D0AA5D700213BF6 /* Assets.xcassets */ = {isa = PBXFileReference; lastKnownFileType = folder.assetcatalog; name = Assets.xcassets; path = ../Assets.xcassets; sourceTree = "<group>"; };
		017F184C1D0AA5D700213BF6 /* Base */ = {isa = PBXFileReference; lastKnownFileType = file.storyboard; name = Base; path = Base.lproj/LaunchScreen.storyboard; sourceTree = "<group>"; };
		017F184E1D0AA5D700213BF6 /* Info.plist */ = {isa = PBXFileReference; lastKnownFileType = text.plist.xml; path = Info.plist; sourceTree = "<group>"; };
		017F18541D0AA5EE00213BF6 /* MapKit.framework */ = {isa = PBXFileReference; lastKnownFileType = wrapper.framework; name = MapKit.framework; path = System/Library/Frameworks/MapKit.framework; sourceTree = SDKROOT; };
		017FD96A1D0E5A10008D9A4A /* AppDelegate.swift */ = {isa = PBXFileReference; fileEncoding = 4; lastKnownFileType = sourcecode.swift; path = AppDelegate.swift; sourceTree = "<group>"; };
		017FD96D1D0E5A10008D9A4A /* ViewController.swift */ = {isa = PBXFileReference; fileEncoding = 4; lastKnownFileType = sourcecode.swift; path = ViewController.swift; sourceTree = "<group>"; };
		017FD9701D0E5DFF008D9A4A /* CustomAnotation.swift */ = {isa = PBXFileReference; fileEncoding = 4; lastKnownFileType = sourcecode.swift; path = CustomAnotation.swift; sourceTree = "<group>"; };
		017FD9731D0E69AC008D9A4A /* anotation.plist */ = {isa = PBXFileReference; fileEncoding = 4; lastKnownFileType = text.plist.xml; path = anotation.plist; sourceTree = "<group>"; };
/* End PBXFileReference section */

/* Begin PBXFrameworksBuildPhase section */
		017F18391D0AA5D700213BF6 /* Frameworks */ = {
			isa = PBXFrameworksBuildPhase;
			buildActionMask = 2147483647;
			files = (
				017F18551D0AA5EE00213BF6 /* MapKit.framework in Frameworks */,
			);
			runOnlyForDeploymentPostprocessing = 0;
		};
/* End PBXFrameworksBuildPhase section */

/* Begin PBXGroup section */
		010627001D0E9D5700E8B981 /* Views */ = {
			isa = PBXGroup;
			children = (
				010627011D0E9D8200E8B981 /* CustomAnnotionView.swift */,
			);
			path = Views;
			sourceTree = "<group>";
		};
		017F18331D0AA5D700213BF6 = {
			isa = PBXGroup;
			children = (
				017F18541D0AA5EE00213BF6 /* MapKit.framework */,
				017F183E1D0AA5D700213BF6 /* DemoMap */,
				017F183D1D0AA5D700213BF6 /* Products */,
			);
			sourceTree = "<group>";
		};
		017F183D1D0AA5D700213BF6 /* Products */ = {
			isa = PBXGroup;
			children = (
				017F183C1D0AA5D700213BF6 /* DemoMap.app */,
			);
			name = Products;
			sourceTree = "<group>";
		};
		017F183E1D0AA5D700213BF6 /* DemoMap */ = {
			isa = PBXGroup;
			children = (
				017FD9691D0E5A10008D9A4A /* Apps */,
				017FD96B1D0E5A10008D9A4A /* Model */,
				017FD96C1D0E5A10008D9A4A /* ViewControllers */,
				017FD9721D0E6976008D9A4A /* Resource */,
				010627001D0E9D5700E8B981 /* Views */,
				017F184B1D0AA5D700213BF6 /* LaunchScreen.storyboard */,
				017F184E1D0AA5D700213BF6 /* Info.plist */,
				017F18461D0AA5D700213BF6 /* DemoMap.xcdatamodeld */,
			);
			path = DemoMap;
			sourceTree = "<group>";
		};
		017FD9691D0E5A10008D9A4A /* Apps */ = {
			isa = PBXGroup;
			children = (
				017FD96A1D0E5A10008D9A4A /* AppDelegate.swift */,
			);
			path = Apps;
			sourceTree = "<group>";
		};
		017FD96B1D0E5A10008D9A4A /* Model */ = {
			isa = PBXGroup;
			children = (
				017FD9701D0E5DFF008D9A4A /* CustomAnotation.swift */,
			);
			path = Model;
			sourceTree = "<group>";
		};
		017FD96C1D0E5A10008D9A4A /* ViewControllers */ = {
			isa = PBXGroup;
			children = (
				017FD96D1D0E5A10008D9A4A /* ViewController.swift */,
			);
			path = ViewControllers;
			sourceTree = "<group>";
		};
		017FD9721D0E6976008D9A4A /* Resource */ = {
			isa = PBXGroup;
			children = (
				017F18431D0AA5D700213BF6 /* Main.storyboard */,
				017F18491D0AA5D700213BF6 /* Assets.xcassets */,
				017FD9731D0E69AC008D9A4A /* anotation.plist */,
			);
			path = Resource;
			sourceTree = "<group>";
		};
/* End PBXGroup section */

/* Begin PBXNativeTarget section */
		017F183B1D0AA5D700213BF6 /* DemoMap */ = {
			isa = PBXNativeTarget;
			buildConfigurationList = 017F18511D0AA5D700213BF6 /* Build configuration list for PBXNativeTarget "DemoMap" */;
			buildPhases = (
				017F18381D0AA5D700213BF6 /* Sources */,
				017F18391D0AA5D700213BF6 /* Frameworks */,
				017F183A1D0AA5D700213BF6 /* Resources */,
			);
			buildRules = (
			);
			dependencies = (
			);
			name = DemoMap;
			productName = DemoMap;
			productReference = 017F183C1D0AA5D700213BF6 /* DemoMap.app */;
			productType = "com.apple.product-type.application";
		};
/* End PBXNativeTarget section */

/* Begin PBXProject section */
		017F18341D0AA5D700213BF6 /* Project object */ = {
			isa = PBXProject;
			attributes = {
				LastSwiftUpdateCheck = 0730;
				LastUpgradeCheck = 0730;
				ORGANIZATIONNAME = Moboco;
				TargetAttributes = {
					017F183B1D0AA5D700213BF6 = {
						CreatedOnToolsVersion = 7.3.1;
					};
				};
			};
			buildConfigurationList = 017F18371D0AA5D700213BF6 /* Build configuration list for PBXProject "DemoMap" */;
			compatibilityVersion = "Xcode 3.2";
			developmentRegion = English;
			hasScannedForEncodings = 0;
			knownRegions = (
				en,
				Base,
			);
			mainGroup = 017F18331D0AA5D700213BF6;
			productRefGroup = 017F183D1D0AA5D700213BF6 /* Products */;
			projectDirPath = "";
			projectRoot = "";
			targets = (
				017F183B1D0AA5D700213BF6 /* DemoMap */,
			);
		};
/* End PBXProject section */

/* Begin PBXResourcesBuildPhase section */
		017F183A1D0AA5D700213BF6 /* Resources */ = {
			isa = PBXResourcesBuildPhase;
			buildActionMask = 2147483647;
			files = (
				017F184D1D0AA5D700213BF6 /* LaunchScreen.storyboard in Resources */,
				017F184A1D0AA5D700213BF6 /* Assets.xcassets in Resources */,
				017FD9741D0E69AC008D9A4A /* anotation.plist in Resources */,
				017F18451D0AA5D700213BF6 /* Main.storyboard in Resources */,
			);
			runOnlyForDeploymentPostprocessing = 0;
		};
/* End PBXResourcesBuildPhase section */

/* Begin PBXSourcesBuildPhase section */
		017F18381D0AA5D700213BF6 /* Sources */ = {
			isa = PBXSourcesBuildPhase;
			buildActionMask = 2147483647;
			files = (
				017FD9711D0E5DFF008D9A4A /* CustomAnotation.swift in Sources */,
				017FD96F1D0E5A10008D9A4A /* ViewController.swift in Sources */,
				017FD96E1D0E5A10008D9A4A /* AppDelegate.swift in Sources */,
				017F18481D0AA5D700213BF6 /* DemoMap.xcdatamodeld in Sources */,
				010627021D0E9D8200E8B981 /* CustomAnnotionView.swift in Sources */,
			);
			runOnlyForDeploymentPostprocessing = 0;
		};
/* End PBXSourcesBuildPhase section */

/* Begin PBXVariantGroup section */
		017F18431D0AA5D700213BF6 /* Main.storyboard */ = {
			isa = PBXVariantGroup;
			children = (
				017F18441D0AA5D700213BF6 /* Base */,
			);
			name = Main.storyboard;
			path = ..;
			sourceTree = "<group>";
		};
		017F184B1D0AA5D700213BF6 /* LaunchScreen.storyboard */ = {
			isa = PBXVariantGroup;
			children = (
				017F184C1D0AA5D700213BF6 /* Base */,
			);
			name = LaunchScreen.storyboard;
			sourceTree = "<group>";
		};
/* End PBXVariantGroup section */

/* Begin XCBuildConfiguration section */
		017F184F1D0AA5D700213BF6 /* Debug */ = {
			isa = XCBuildConfiguration;
			buildSettings = {
				ALWAYS_SEARCH_USER_PATHS = NO;
				CLANG_ANALYZER_NONNULL = YES;
				CLANG_CXX_LANGUAGE_STANDARD = "gnu++0x";
				CLANG_CXX_LIBRARY = "libc++";
				CLANG_ENABLE_MODULES = YES;
				CLANG_ENABLE_OBJC_ARC = YES;
				CLANG_WARN_BOOL_CONVERSION = YES;
				CLANG_WARN_CONSTANT_CONVERSION = YES;
				CLANG_WARN_DIRECT_OBJC_ISA_USAGE = YES_ERROR;
				CLANG_WARN_EMPTY_BODY = YES;
				CLANG_WARN_ENUM_CONVERSION = YES;
				CLANG_WARN_INT_CONVERSION = YES;
				CLANG_WARN_OBJC_ROOT_CLASS = YES_ERROR;
				CLANG_WARN_UNREACHABLE_CODE = YES;
				CLANG_WARN__DUPLICATE_METHOD_MATCH = YES;
				"CODE_SIGN_IDENTITY[sdk=iphoneos*]" = "iPhone Developer";
				COPY_PHASE_STRIP = NO;
				DEBUG_INFORMATION_FORMAT = dwarf;
				ENABLE_STRICT_OBJC_MSGSEND = YES;
				ENABLE_TESTABILITY = YES;
				GCC_C_LANGUAGE_STANDARD = gnu99;
				GCC_DYNAMIC_NO_PIC = NO;
				GCC_NO_COMMON_BLOCKS = YES;
				GCC_OPTIMIZATION_LEVEL = 0;
				GCC_PREPROCESSOR_DEFINITIONS = (
					"DEBUG=1",
					"$(inherited)",
				);
				GCC_WARN_64_TO_32_BIT_CONVERSION = YES;
				GCC_WARN_ABOUT_RETURN_TYPE = YES_ERROR;
				GCC_WARN_UNDECLARED_SELECTOR = YES;
				GCC_WARN_UNINITIALIZED_AUTOS = YES_AGGRESSIVE;
				GCC_WARN_UNUSED_FUNCTION = YES;
				GCC_WARN_UNUSED_VARIABLE = YES;
				IPHONEOS_DEPLOYMENT_TARGET = 9.3;
				MTL_ENABLE_DEBUG_INFO = YES;
				ONLY_ACTIVE_ARCH = YES;
				SDKROOT = iphoneos;
				SWIFT_OPTIMIZATION_LEVEL = "-Onone";
				TARGETED_DEVICE_FAMILY = "1,2";
			};
			name = Debug;
		};
		017F18501D0AA5D700213BF6 /* Release */ = {
			isa = XCBuildConfiguration;
			buildSettings = {
				ALWAYS_SEARCH_USER_PATHS = NO;
				CLANG_ANALYZER_NONNULL = YES;
				CLANG_CXX_LANGUAGE_STANDARD = "gnu++0x";
				CLANG_CXX_LIBRARY = "libc++";
				CLANG_ENABLE_MODULES = YES;
				CLANG_ENABLE_OBJC_ARC = YES;
				CLANG_WARN_BOOL_CONVERSION = YES;
				CLANG_WARN_CONSTANT_CONVERSION = YES;
				CLANG_WARN_DIRECT_OBJC_ISA_USAGE = YES_ERROR;
				CLANG_WARN_EMPTY_BODY = YES;
				CLANG_WARN_ENUM_CONVERSION = YES;
				CLANG_WARN_INT_CONVERSION = YES;
				CLANG_WARN_OBJC_ROOT_CLASS = YES_ERROR;
				CLANG_WARN_UNREACHABLE_CODE = YES;
				CLANG_WARN__DUPLICATE_METHOD_MATCH = YES;
				"CODE_SIGN_IDENTITY[sdk=iphoneos*]" = "iPhone Developer";
				COPY_PHASE_STRIP = NO;
				DEBUG_INFORMATION_FORMAT = "dwarf-with-dsym";
				ENABLE_NS_ASSERTIONS = NO;
				ENABLE_STRICT_OBJC_MSGSEND = YES;
				GCC_C_LANGUAGE_STANDARD = gnu99;
				GCC_NO_COMMON_BLOCKS = YES;
				GCC_WARN_64_TO_32_BIT_CONVERSION = YES;
				GCC_WARN_ABOUT_RETURN_TYPE = YES_ERROR;
				GCC_WARN_UNDECLARED_SELECTOR = YES;
				GCC_WARN_UNINITIALIZED_AUTOS = YES_AGGRESSIVE;
				GCC_WARN_UNUSED_FUNCTION = YES;
				GCC_WARN_UNUSED_VARIABLE = YES;
				IPHONEOS_DEPLOYMENT_TARGET = 9.3;
				MTL_ENABLE_DEBUG_INFO = NO;
				SDKROOT = iphoneos;
				TARGETED_DEVICE_FAMILY = "1,2";
				VALIDATE_PRODUCT = YES;
			};
			name = Release;
		};
		017F18521D0AA5D700213BF6 /* Debug */ = {
			isa = XCBuildConfiguration;
			buildSettings = {
				ASSETCATALOG_COMPILER_APPICON_NAME = AppIcon;
				CODE_SIGN_IDENTITY = "iPhone Developer: Diep Ngoc Nguyen (XZ46645RFC)";
				"CODE_SIGN_IDENTITY[sdk=iphoneos*]" = "iPhone Developer: Diep Ngoc Nguyen (XZ46645RFC)";
				INFOPLIST_FILE = DemoMap/Info.plist;
				LD_RUNPATH_SEARCH_PATHS = "$(inherited) @executable_path/Frameworks";
				PRODUCT_BUNDLE_IDENTIFIER = com.moboco.m01;
				PRODUCT_NAME = "$(TARGET_NAME)";
				PROVISIONING_PROFILE = "1b360635-ba31-41dc-b832-ac4b071a4dfb";
			};
			name = Debug;
		};
		017F18531D0AA5D700213BF6 /* Release */ = {
			isa = XCBuildConfiguration;
			buildSettings = {
				ASSETCATALOG_COMPILER_APPICON_NAME = AppIcon;
				CODE_SIGN_IDENTITY = "iPhone Developer: Diep Ngoc Nguyen (XZ46645RFC)";
				"CODE_SIGN_IDENTITY[sdk=iphoneos*]" = "iPhone Developer: Diep Ngoc Nguyen (XZ46645RFC)";
				INFOPLIST_FILE = DemoMap/Info.plist;
				LD_RUNPATH_SEARCH_PATHS = "$(inherited) @executable_path/Frameworks";
				PRODUCT_BUNDLE_IDENTIFIER = com.moboco.m01;
				PRODUCT_NAME = "$(TARGET_NAME)";
				PROVISIONING_PROFILE = "1b360635-ba31-41dc-b832-ac4b071a4dfb";
			};
			name = Release;
		};
/* End XCBuildConfiguration section */

/* Begin XCConfigurationList section */
		017F18371D0AA5D700213BF6 /* Build configuration list for PBXProject "DemoMap" */ = {
			isa = XCConfigurationList;
			buildConfigurations = (
				017F184F1D0AA5D700213BF6 /* Debug */,
				017F18501D0AA5D700213BF6 /* Release */,
			);
			defaultConfigurationIsVisible = 0;
			defaultConfigurationName = Release;
		};
		017F18511D0AA5D700213BF6 /* Build configuration list for PBXNativeTarget "DemoMap" */ = {
			isa = XCConfigurationList;
			buildConfigurations = (
				017F18521D0AA5D700213BF6 /* Debug */,
				017F18531D0AA5D700213BF6 /* Release */,
			);
			defaultConfigurationIsVisible = 0;
			defaultConfigurationName = Release;
		};
/* End XCConfigurationList section */

/* Begin XCVersionGroup section */
		017F18461D0AA5D700213BF6 /* DemoMap.xcdatamodeld */ = {
			isa = XCVersionGroup;
			children = (
				017F18471D0AA5D700213BF6 /* DemoMap.xcdatamodel */,
			);
			currentVersion = 017F18471D0AA5D700213BF6 /* DemoMap.xcdatamodel */;
			path = DemoMap.xcdatamodeld;
			sourceTree = "<group>";
			versionGroupType = wrapper.xcdatamodel;
		};
/* End XCVersionGroup section */
	};
	rootObject = 017F18341D0AA5D700213BF6 /* Project object */;
}
