// !$*UTF8*$!
{
	archiveVersion = 1;
	classes = {
	};
	objectVersion = 46;
	objects = {

/* Begin PBXBuildFile section */
		01E350A31D8AD6A100270BE9 /* AppDelegate.swift in Sources */ = {isa = PBXBuildFile; fileRef = 01E350A21D8AD6A100270BE9 /* AppDelegate.swift */; };
		01E350A51D8AD6A100270BE9 /* ViewController.swift in Sources */ = {isa = PBXBuildFile; fileRef = 01E350A41D8AD6A100270BE9 /* ViewController.swift */; };
		01E350A81D8AD6A100270BE9 /* Main.storyboard in Resources */ = {isa = PBXBuildFile; fileRef = 01E350A61D8AD6A100270BE9 /* Main.storyboard */; };
		01E350AA1D8AD6A100270BE9 /* Assets.xcassets in Resources */ = {isa = PBXBuildFile; fileRef = 01E350A91D8AD6A100270BE9 /* Assets.xcassets */; };
		01E350AD1D8AD6A100270BE9 /* LaunchScreen.storyboard in Resources */ = {isa = PBXBuildFile; fileRef = 01E350AB1D8AD6A100270BE9 /* LaunchScreen.storyboard */; };
		01E350B51D8AD96100270BE9 /* ThirdViewController.swift in Sources */ = {isa = PBXBuildFile; fileRef = 01E350B41D8AD96100270BE9 /* ThirdViewController.swift */; };
/* End PBXBuildFile section */

/* Begin PBXFileReference section */
		01E3509F1D8AD6A100270BE9 /* DemoNavigationController_Storyboard.app */ = {isa = PBXFileReference; explicitFileType = wrapper.application; includeInIndex = 0; path = DemoNavigationController_Storyboard.app; sourceTree = BUILT_PRODUCTS_DIR; };
		01E350A21D8AD6A100270BE9 /* AppDelegate.swift */ = {isa = PBXFileReference; lastKnownFileType = sourcecode.swift; path = AppDelegate.swift; sourceTree = "<group>"; };
		01E350A41D8AD6A100270BE9 /* ViewController.swift */ = {isa = PBXFileReference; lastKnownFileType = sourcecode.swift; path = ViewController.swift; sourceTree = "<group>"; };
		01E350A71D8AD6A100270BE9 /* Base */ = {isa = PBXFileReference; lastKnownFileType = file.storyboard; name = Base; path = Base.lproj/Main.storyboard; sourceTree = "<group>"; };
		01E350A91D8AD6A100270BE9 /* Assets.xcassets */ = {isa = PBXFileReference; lastKnownFileType = folder.assetcatalog; path = Assets.xcassets; sourceTree = "<group>"; };
		01E350AC1D8AD6A100270BE9 /* Base */ = {isa = PBXFileReference; lastKnownFileType = file.storyboard; name = Base; path = Base.lproj/LaunchScreen.storyboard; sourceTree = "<group>"; };
		01E350AE1D8AD6A100270BE9 /* Info.plist */ = {isa = PBXFileReference; lastKnownFileType = text.plist.xml; path = Info.plist; sourceTree = "<group>"; };
		01E350B41D8AD96100270BE9 /* ThirdViewController.swift */ = {isa = PBXFileReference; fileEncoding = 4; lastKnownFileType = sourcecode.swift; path = ThirdViewController.swift; sourceTree = "<group>"; };
/* End PBXFileReference section */

/* Begin PBXFrameworksBuildPhase section */
		01E3509C1D8AD6A100270BE9 /* Frameworks */ = {
			isa = PBXFrameworksBuildPhase;
			buildActionMask = 2147483647;
			files = (
			);
			runOnlyForDeploymentPostprocessing = 0;
		};
/* End PBXFrameworksBuildPhase section */

/* Begin PBXGroup section */
		01E350961D8AD6A100270BE9 = {
			isa = PBXGroup;
			children = (
				01E350A11D8AD6A100270BE9 /* DemoNavigationController_Storyboard */,
				01E350A01D8AD6A100270BE9 /* Products */,
			);
			sourceTree = "<group>";
		};
		01E350A01D8AD6A100270BE9 /* Products */ = {
			isa = PBXGroup;
			children = (
				01E3509F1D8AD6A100270BE9 /* DemoNavigationController_Storyboard.app */,
			);
			name = Products;
			sourceTree = "<group>";
		};
		01E350A11D8AD6A100270BE9 /* DemoNavigationController_Storyboard */ = {
			isa = PBXGroup;
			children = (
				01E350A21D8AD6A100270BE9 /* AppDelegate.swift */,
				01E350A41D8AD6A100270BE9 /* ViewController.swift */,
				01E350A61D8AD6A100270BE9 /* Main.storyboard */,
				01E350A91D8AD6A100270BE9 /* Assets.xcassets */,
				01E350AB1D8AD6A100270BE9 /* LaunchScreen.storyboard */,
				01E350AE1D8AD6A100270BE9 /* Info.plist */,
				01E350B41D8AD96100270BE9 /* ThirdViewController.swift */,
			);
			path = DemoNavigationController_Storyboard;
			sourceTree = "<group>";
		};
/* End PBXGroup section */

/* Begin PBXNativeTarget section */
		01E3509E1D8AD6A100270BE9 /* DemoNavigationController_Storyboard */ = {
			isa = PBXNativeTarget;
			buildConfigurationList = 01E350B11D8AD6A100270BE9 /* Build configuration list for PBXNativeTarget "DemoNavigationController_Storyboard" */;
			buildPhases = (
				01E3509B1D8AD6A100270BE9 /* Sources */,
				01E3509C1D8AD6A100270BE9 /* Frameworks */,
				01E3509D1D8AD6A100270BE9 /* Resources */,
			);
			buildRules = (
			);
			dependencies = (
			);
			name = DemoNavigationController_Storyboard;
			productName = DemoNavigationController_Storyboard;
			productReference = 01E3509F1D8AD6A100270BE9 /* DemoNavigationController_Storyboard.app */;
			productType = "com.apple.product-type.application";
		};
/* End PBXNativeTarget section */

/* Begin PBXProject section */
		01E350971D8AD6A100270BE9 /* Project object */ = {
			isa = PBXProject;
			attributes = {
				LastSwiftUpdateCheck = 0730;
				LastUpgradeCheck = 0730;
				ORGANIZATIONNAME = Moboco;
				TargetAttributes = {
					01E3509E1D8AD6A100270BE9 = {
						CreatedOnToolsVersion = 7.3.1;
					};
				};
			};
			buildConfigurationList = 01E3509A1D8AD6A100270BE9 /* Build configuration list for PBXProject "DemoNavigationController_Storyboard" */;
			compatibilityVersion = "Xcode 3.2";
			developmentRegion = English;
			hasScannedForEncodings = 0;
			knownRegions = (
				en,
				Base,
			);
			mainGroup = 01E350961D8AD6A100270BE9;
			productRefGroup = 01E350A01D8AD6A100270BE9 /* Products */;
			projectDirPath = "";
			projectRoot = "";
			targets = (
				01E3509E1D8AD6A100270BE9 /* DemoNavigationController_Storyboard */,
			);
		};
/* End PBXProject section */

/* Begin PBXResourcesBuildPhase section */
		01E3509D1D8AD6A100270BE9 /* Resources */ = {
			isa = PBXResourcesBuildPhase;
			buildActionMask = 2147483647;
			files = (
				01E350AD1D8AD6A100270BE9 /* LaunchScreen.storyboard in Resources */,
				01E350AA1D8AD6A100270BE9 /* Assets.xcassets in Resources */,
				01E350A81D8AD6A100270BE9 /* Main.storyboard in Resources */,
			);
			runOnlyForDeploymentPostprocessing = 0;
		};
/* End PBXResourcesBuildPhase section */

/* Begin PBXSourcesBuildPhase section */
		01E3509B1D8AD6A100270BE9 /* Sources */ = {
			isa = PBXSourcesBuildPhase;
			buildActionMask = 2147483647;
			files = (
				01E350A51D8AD6A100270BE9 /* ViewController.swift in Sources */,
				01E350B51D8AD96100270BE9 /* ThirdViewController.swift in Sources */,
				01E350A31D8AD6A100270BE9 /* AppDelegate.swift in Sources */,
			);
			runOnlyForDeploymentPostprocessing = 0;
		};
/* End PBXSourcesBuildPhase section */

/* Begin PBXVariantGroup section */
		01E350A61D8AD6A100270BE9 /* Main.storyboard */ = {
			isa = PBXVariantGroup;
			children = (
				01E350A71D8AD6A100270BE9 /* Base */,
			);
			name = Main.storyboard;
			sourceTree = "<group>";
		};
		01E350AB1D8AD6A100270BE9 /* LaunchScreen.storyboard */ = {
			isa = PBXVariantGroup;
			children = (
				01E350AC1D8AD6A100270BE9 /* Base */,
			);
			name = LaunchScreen.storyboard;
			sourceTree = "<group>";
		};
/* End PBXVariantGroup section */

/* Begin XCBuildConfiguration section */
		01E350AF1D8AD6A100270BE9 /* Debug */ = {
			isa = XCBuildConfiguration;
			buildSettings = {
				ALWAYS_SEARCH_USER_PATHS = NO;
				CLANG_ANALYZER_NONNULL = YES;
				CLANG_CXX_LANGUAGE_STANDARD = "gnu++0x";
				CLANG_CXX_LIBRARY = "libc++";
				CLANG_ENABLE_MODULES = YES;
				CLANG_ENABLE_OBJC_ARC = YES;
				CLANG_WARN_BOOL_CONVERSION = YES;
				CLANG_WARN_CONSTANT_CONVERSION = YES;
				CLANG_WARN_DIRECT_OBJC_ISA_USAGE = YES_ERROR;
				CLANG_WARN_EMPTY_BODY = YES;
				CLANG_WARN_ENUM_CONVERSION = YES;
				CLANG_WARN_INT_CONVERSION = YES;
				CLANG_WARN_OBJC_ROOT_CLASS = YES_ERROR;
				CLANG_WARN_UNREACHABLE_CODE = YES;
				CLANG_WARN__DUPLICATE_METHOD_MATCH = YES;
				"CODE_SIGN_IDENTITY[sdk=iphoneos*]" = "iPhone Developer";
				COPY_PHASE_STRIP = NO;
				DEBUG_INFORMATION_FORMAT = dwarf;
				ENABLE_STRICT_OBJC_MSGSEND = YES;
				ENABLE_TESTABILITY = YES;
				GCC_C_LANGUAGE_STANDARD = gnu99;
				GCC_DYNAMIC_NO_PIC = NO;
				GCC_NO_COMMON_BLOCKS = YES;
				GCC_OPTIMIZATION_LEVEL = 0;
				GCC_PREPROCESSOR_DEFINITIONS = (
					"DEBUG=1",
					"$(inherited)",
				);
				GCC_WARN_64_TO_32_BIT_CONVERSION = YES;
				GCC_WARN_ABOUT_RETURN_TYPE = YES_ERROR;
				GCC_WARN_UNDECLARED_SELECTOR = YES;
				GCC_WARN_UNINITIALIZED_AUTOS = YES_AGGRESSIVE;
				GCC_WARN_UNUSED_FUNCTION = YES;
				GCC_WARN_UNUSED_VARIABLE = YES;
				IPHONEOS_DEPLOYMENT_TARGET = 9.3;
				MTL_ENABLE_DEBUG_INFO = YES;
				ONLY_ACTIVE_ARCH = YES;
				SDKROOT = iphoneos;
				SWIFT_OPTIMIZATION_LEVEL = "-Onone";
				TARGETED_DEVICE_FAMILY = "1,2";
			};
			name = Debug;
		};
		01E350B01D8AD6A100270BE9 /* Release */ = {
			isa = XCBuildConfiguration;
			buildSettings = {
				ALWAYS_SEARCH_USER_PATHS = NO;
				CLANG_ANALYZER_NONNULL = YES;
				CLANG_CXX_LANGUAGE_STANDARD = "gnu++0x";
				CLANG_CXX_LIBRARY = "libc++";
				CLANG_ENABLE_MODULES = YES;
				CLANG_ENABLE_OBJC_ARC = YES;
				CLANG_WARN_BOOL_CONVERSION = YES;
				CLANG_WARN_CONSTANT_CONVERSION = YES;
				CLANG_WARN_DIRECT_OBJC_ISA_USAGE = YES_ERROR;
				CLANG_WARN_EMPTY_BODY = YES;
				CLANG_WARN_ENUM_CONVERSION = YES;
				CLANG_WARN_INT_CONVERSION = YES;
				CLANG_WARN_OBJC_ROOT_CLASS = YES_ERROR;
				CLANG_WARN_UNREACHABLE_CODE = YES;
				CLANG_WARN__DUPLICATE_METHOD_MATCH = YES;
				"CODE_SIGN_IDENTITY[sdk=iphoneos*]" = "iPhone Developer";
				COPY_PHASE_STRIP = NO;
				DEBUG_INFORMATION_FORMAT = "dwarf-with-dsym";
				ENABLE_NS_ASSERTIONS = NO;
				ENABLE_STRICT_OBJC_MSGSEND = YES;
				GCC_C_LANGUAGE_STANDARD = gnu99;
				GCC_NO_COMMON_BLOCKS = YES;
				GCC_WARN_64_TO_32_BIT_CONVERSION = YES;
				GCC_WARN_ABOUT_RETURN_TYPE = YES_ERROR;
				GCC_WARN_UNDECLARED_SELECTOR = YES;
				GCC_WARN_UNINITIALIZED_AUTOS = YES_AGGRESSIVE;
				GCC_WARN_UNUSED_FUNCTION = YES;
				GCC_WARN_UNUSED_VARIABLE = YES;
				IPHONEOS_DEPLOYMENT_TARGET = 9.3;
				MTL_ENABLE_DEBUG_INFO = NO;
				SDKROOT = iphoneos;
				TARGETED_DEVICE_FAMILY = "1,2";
				VALIDATE_PRODUCT = YES;
			};
			name = Release;
		};
		01E350B21D8AD6A100270BE9 /* Debug */ = {
			isa = XCBuildConfiguration;
			buildSettings = {
				ASSETCATALOG_COMPILER_APPICON_NAME = AppIcon;
				INFOPLIST_FILE = DemoNavigationController_Storyboard/Info.plist;
				LD_RUNPATH_SEARCH_PATHS = "$(inherited) @executable_path/Frameworks";
				PRODUCT_BUNDLE_IDENTIFIER = "com.moboco.DemoNavigationController-Storyboard";
				PRODUCT_NAME = "$(TARGET_NAME)";
			};
			name = Debug;
		};
		01E350B31D8AD6A100270BE9 /* Release */ = {
			isa = XCBuildConfiguration;
			buildSettings = {
				ASSETCATALOG_COMPILER_APPICON_NAME = AppIcon;
				INFOPLIST_FILE = DemoNavigationController_Storyboard/Info.plist;
				LD_RUNPATH_SEARCH_PATHS = "$(inherited) @executable_path/Frameworks";
				PRODUCT_BUNDLE_IDENTIFIER = "com.moboco.DemoNavigationController-Storyboard";
				PRODUCT_NAME = "$(TARGET_NAME)";
			};
			name = Release;
		};
/* End XCBuildConfiguration section */

/* Begin XCConfigurationList section */
		01E3509A1D8AD6A100270BE9 /* Build configuration list for PBXProject "DemoNavigationController_Storyboard" */ = {
			isa = XCConfigurationList;
			buildConfigurations = (
				01E350AF1D8AD6A100270BE9 /* Debug */,
				01E350B01D8AD6A100270BE9 /* Release */,
			);
			defaultConfigurationIsVisible = 0;
			defaultConfigurationName = Release;
		};
		01E350B11D8AD6A100270BE9 /* Build configuration list for PBXNativeTarget "DemoNavigationController_Storyboard" */ = {
			isa = XCConfigurationList;
			buildConfigurations = (
				01E350B21D8AD6A100270BE9 /* Debug */,
				01E350B31D8AD6A100270BE9 /* Release */,
			);
			defaultConfigurationIsVisible = 0;
		};
/* End XCConfigurationList section */
	};
	rootObject = 01E350971D8AD6A100270BE9 /* Project object */;
}
